
Microsoft Visual Studio Solution File, Format Version 12.00
# Visual Studio Version 16
VisualStudioVersion = 16.0.29123.89
MinimumVisualStudioVersion = 10.0.40219.1
Project("{FAE04EC0-301F-11D3-BF4B-00C04F79EFBC}") = "ConsoleApp1", "ConsoleApp1\ConsoleApp1.csproj", "{0CDD46A2-AD18-4214-A827-34DEBF30C5AB}"
EndProject
Global
	GlobalSection(SolutionConfigurationPlatforms) = preSolution
		Debug|Any CPU = Debug|Any CPU
		Release|Any CPU = Release|Any CPU
	EndGlobalSection
	GlobalSection(ProjectConfigurationPlatforms) = postSolution
		{0CDD46A2-AD18-4214-A827-34DEBF30C5AB}.Debug|Any CPU.ActiveCfg = Debug|Any CPU
		{0CDD46A2-AD18-4214-A827-34DEBF30C5AB}.Debug|Any CPU.Build.0 = Debug|Any CPU
		{0CDD46A2-AD18-4214-A827-34DEBF30C5AB}.Release|Any CPU.ActiveCfg = Release|Any CPU
		{0CDD46A2-AD18-4214-A827-34DEBF30C5AB}.Release|Any CPU.Build.0 = Release|Any CPU
	EndGlobalSection
	GlobalSection(SolutionProperties) = preSolution
		HideSolutionNode = FALSE
	EndGlobalSection
	GlobalSection(ExtensibilityGlobals) = postSolution
		SolutionGuid = {33202D2E-D58C-435D-A96B-729347CEFD09}
	EndGlobalSection
EndGlobal
